
Microsoft Visual Studio Solution File, Format Version 12.00
# Visual Studio Version 17
VisualStudioVersion = 17.8.34330.188
MinimumVisualStudioVersion = 10.0.40219.1
Project("{FAE04EC0-301F-11D3-BF4B-00C04F79EFBC}") = "Week15OOPAndFiles", "Week15OOPAndFiles\Week15OOPAndFiles.csproj", "{14E92EE5-894A-4A37-8981-A2A027CC0CC8}"
EndProject
Global
	GlobalSection(SolutionConfigurationPlatforms) = preSolution
		Debug|Any CPU = Debug|Any CPU
		Release|Any CPU = Release|Any CPU
	EndGlobalSection
	GlobalSection(ProjectConfigurationPlatforms) = postSolution
		{14E92EE5-894A-4A37-8981-A2A027CC0CC8}.Debug|Any CPU.ActiveCfg = Debug|Any CPU
		{14E92EE5-894A-4A37-8981-A2A027CC0CC8}.Debug|Any CPU.Build.0 = Debug|Any CPU
		{14E92EE5-894A-4A37-8981-A2A027CC0CC8}.Release|Any CPU.ActiveCfg = Release|Any CPU
		{14E92EE5-894A-4A37-8981-A2A027CC0CC8}.Release|Any CPU.Build.0 = Release|Any CPU
	EndGlobalSection
	GlobalSection(SolutionProperties) = preSolution
		HideSolutionNode = FALSE
	EndGlobalSection
	GlobalSection(ExtensibilityGlobals) = postSolution
		SolutionGuid = {BDEEC735-B9E9-4972-AD9E-8590FFF39CF0}
	EndGlobalSection
EndGlobal
